github.com/jpanther/congo/v2 v2.4.2 h1:c+WSf/9Mr+a/bR4w3YteHwnsS5eTWgkU0QC2Mqx9pjc=
github.com/jpanther/congo/v2 v2.4.2/go.mod h1:1S7DRoO1ZYS4YUdFd1LjTkdyjQwsjFWd8TqSfz3Jd+M=
github.com/jpanther/congo/v2 v2.14.0 h1:qzd7vjZpSPJkyX27Yl3KT87jvYs2aghIHCHXPSmJtXo=
github.com/jpanther/congo/v2 v2.14.0/go.mod h1:1S7DRoO1ZYS4YUdFd1LjTkdyjQwsjFWd8TqSfz3Jd+M=
